
Microsoft Visual Studio Solution File, Format Version 12.00
# Visual Studio 15
VisualStudioVersion = 15.0.28307.136
MinimumVisualStudioVersion = 10.0.40219.1
Project("{9A19103F-16F7-4668-BE54-9A1E7A4F7556}") = "CarDealership.App", "CarDealership.App\CarDealership.App.csproj", "{038F15B6-459E-4B3B-BD3D-C93A99CB6625}"
EndProject
Project("{9A19103F-16F7-4668-BE54-9A1E7A4F7556}") = "CarDealership.Data", "CarDealership.Data\CarDealership.Data.csproj", "{EFF502D6-13D5-404D-8182-80DCF1EFA219}"
EndProject
Project("{9A19103F-16F7-4668-BE54-9A1E7A4F7556}") = "CarDealership.Models", "CarDealership.Models\CarDealership.Models.csproj", "{AC9C4170-5521-4410-BB28-2099573783C1}"
EndProject
Project("{9A19103F-16F7-4668-BE54-9A1E7A4F7556}") = "CarDealership.Utilities", "CarDealership.Utilities\CarDealership.Utilities.csproj", "{A35D5161-C63D-4A15-A87B-7D3A7BA08508}"
EndProject
Project("{FAE04EC0-301F-11D3-BF4B-00C04F79EFBC}") = "CarDealership.Services", "CarDealership.Services\CarDealership.Services.csproj", "{C94BDA99-3830-43A5-ABC7-71C7ECA2DFA8}"
EndProject
Global
	GlobalSection(SolutionConfigurationPlatforms) = preSolution
		Debug|Any CPU = Debug|Any CPU
		Release|Any CPU = Release|Any CPU
	EndGlobalSection
	GlobalSection(ProjectConfigurationPlatforms) = postSolution
		{038F15B6-459E-4B3B-BD3D-C93A99CB6625}.Debug|Any CPU.ActiveCfg = Debug|Any CPU
		{038F15B6-459E-4B3B-BD3D-C93A99CB6625}.Debug|Any CPU.Build.0 = Debug|Any CPU
		{038F15B6-459E-4B3B-BD3D-C93A99CB6625}.Release|Any CPU.ActiveCfg = Release|Any CPU
		{038F15B6-459E-4B3B-BD3D-C93A99CB6625}.Release|Any CPU.Build.0 = Release|Any CPU
		{EFF502D6-13D5-404D-8182-80DCF1EFA219}.Debug|Any CPU.ActiveCfg = Debug|Any CPU
		{EFF502D6-13D5-404D-8182-80DCF1EFA219}.Debug|Any CPU.Build.0 = Debug|Any CPU
		{EFF502D6-13D5-404D-8182-80DCF1EFA219}.Release|Any CPU.ActiveCfg = Release|Any CPU
		{EFF502D6-13D5-404D-8182-80DCF1EFA219}.Release|Any CPU.Build.0 = Release|Any CPU
		{AC9C4170-5521-4410-BB28-2099573783C1}.Debug|Any CPU.ActiveCfg = Debug|Any CPU
		{AC9C4170-5521-4410-BB28-2099573783C1}.Debug|Any CPU.Build.0 = Debug|Any CPU
		{AC9C4170-5521-4410-BB28-2099573783C1}.Release|Any CPU.ActiveCfg = Release|Any CPU
		{AC9C4170-5521-4410-BB28-2099573783C1}.Release|Any CPU.Build.0 = Release|Any CPU
		{A35D5161-C63D-4A15-A87B-7D3A7BA08508}.Debug|Any CPU.ActiveCfg = Debug|Any CPU
		{A35D5161-C63D-4A15-A87B-7D3A7BA08508}.Debug|Any CPU.Build.0 = Debug|Any CPU
		{A35D5161-C63D-4A15-A87B-7D3A7BA08508}.Release|Any CPU.ActiveCfg = Release|Any CPU
		{A35D5161-C63D-4A15-A87B-7D3A7BA08508}.Release|Any CPU.Build.0 = Release|Any CPU
		{C94BDA99-3830-43A5-ABC7-71C7ECA2DFA8}.Debug|Any CPU.ActiveCfg = Debug|Any CPU
		{C94BDA99-3830-43A5-ABC7-71C7ECA2DFA8}.Debug|Any CPU.Build.0 = Debug|Any CPU
		{C94BDA99-3830-43A5-ABC7-71C7ECA2DFA8}.Release|Any CPU.ActiveCfg = Release|Any CPU
		{C94BDA99-3830-43A5-ABC7-71C7ECA2DFA8}.Release|Any CPU.Build.0 = Release|Any CPU
	EndGlobalSection
	GlobalSection(SolutionProperties) = preSolution
		HideSolutionNode = FALSE
	EndGlobalSection
	GlobalSection(ExtensibilityGlobals) = postSolution
		SolutionGuid = {C3C128F5-03C5-4C82-B667-776AC5053E85}
	EndGlobalSection
EndGlobal
